
Microsoft Visual Studio Solution File, Format Version 12.00
# Visual Studio Version 17
VisualStudioVersion = 17.10.35013.160
MinimumVisualStudioVersion = 10.0.40219.1
Project("{FAE04EC0-301F-11D3-BF4B-00C04F79EFBC}") = "FRB_LiveView_Component", "FRB_LiveView_Component\FRB_LiveView_Component.csproj", "{23946CEC-D07F-4C2C-BD7D-30AD97761C13}"
EndProject
Project("{FAE04EC0-301F-11D3-BF4B-00C04F79EFBC}") = "Live_View_Test", "Live_View_Test\Live_View_Test.csproj", "{0F1A3051-9310-4E99-9D3D-F30A653392B1}"
EndProject
Global
	GlobalSection(SolutionConfigurationPlatforms) = preSolution
		Debug|Any CPU = Debug|Any CPU
		Release|Any CPU = Release|Any CPU
	EndGlobalSection
	GlobalSection(ProjectConfigurationPlatforms) = postSolution
		{23946CEC-D07F-4C2C-BD7D-30AD97761C13}.Debug|Any CPU.ActiveCfg = Debug|Any CPU
		{23946CEC-D07F-4C2C-BD7D-30AD97761C13}.Debug|Any CPU.Build.0 = Debug|Any CPU
		{23946CEC-D07F-4C2C-BD7D-30AD97761C13}.Release|Any CPU.ActiveCfg = Release|Any CPU
		{23946CEC-D07F-4C2C-BD7D-30AD97761C13}.Release|Any CPU.Build.0 = Release|Any CPU
		{0F1A3051-9310-4E99-9D3D-F30A653392B1}.Debug|Any CPU.ActiveCfg = Debug|Any CPU
		{0F1A3051-9310-4E99-9D3D-F30A653392B1}.Debug|Any CPU.Build.0 = Debug|Any CPU
		{0F1A3051-9310-4E99-9D3D-F30A653392B1}.Release|Any CPU.ActiveCfg = Release|Any CPU
		{0F1A3051-9310-4E99-9D3D-F30A653392B1}.Release|Any CPU.Build.0 = Release|Any CPU
	EndGlobalSection
	GlobalSection(SolutionProperties) = preSolution
		HideSolutionNode = FALSE
	EndGlobalSection
	GlobalSection(ExtensibilityGlobals) = postSolution
		SolutionGuid = {88210A4F-6B00-45E9-BBBF-E7FBD41F1E52}
	EndGlobalSection
EndGlobal
